// !$*UTF8*$!
{
	archiveVersion = 1;
	classes = {
	};
	objectVersion = 56;
	objects = {

/* Begin PBXBuildFile section */
		D47FDEA72AB1E92100ECBEC5 /* TCA_SampleApp.swift in Sources */ = {isa = PBXBuildFile; fileRef = D47FDEA62AB1E92100ECBEC5 /* TCA_SampleApp.swift */; };
		D47FDEAB2AB1E92200ECBEC5 /* Assets.xcassets in Resources */ = {isa = PBXBuildFile; fileRef = D47FDEAA2AB1E92200ECBEC5 /* Assets.xcassets */; };
		D47FDEAE2AB1E92200ECBEC5 /* Preview Assets.xcassets in Resources */ = {isa = PBXBuildFile; fileRef = D47FDEAD2AB1E92200ECBEC5 /* Preview Assets.xcassets */; };
		D47FDEB82AB1E92200ECBEC5 /* TCA_SampleTests.swift in Sources */ = {isa = PBXBuildFile; fileRef = D47FDEB72AB1E92200ECBEC5 /* TCA_SampleTests.swift */; };
		D47FDEC22AB1E92200ECBEC5 /* TCA_SampleUITests.swift in Sources */ = {isa = PBXBuildFile; fileRef = D47FDEC12AB1E92200ECBEC5 /* TCA_SampleUITests.swift */; };
		D47FDEC42AB1E92200ECBEC5 /* TCA_SampleUITestsLaunchTests.swift in Sources */ = {isa = PBXBuildFile; fileRef = D47FDEC32AB1E92200ECBEC5 /* TCA_SampleUITestsLaunchTests.swift */; };
		D47FDED22AB1E93A00ECBEC5 /* ComposableArchitecture in Frameworks */ = {isa = PBXBuildFile; productRef = D47FDED12AB1E93A00ECBEC5 /* ComposableArchitecture */; };
		D47FDED42AB1E9CE00ECBEC5 /* CounterFeature.swift in Sources */ = {isa = PBXBuildFile; fileRef = D47FDED32AB1E9CE00ECBEC5 /* CounterFeature.swift */; };
		D47FDED62AB1EAE100ECBEC5 /* CounterView.swift in Sources */ = {isa = PBXBuildFile; fileRef = D47FDED52AB1EAE100ECBEC5 /* CounterView.swift */; };
		D47FDED92AB2DE6000ECBEC5 /* CounterFeatureTests.swift in Sources */ = {isa = PBXBuildFile; fileRef = D47FDED82AB2DE6000ECBEC5 /* CounterFeatureTests.swift */; };
		D4A9EA962AB2FEB2008BA8A5 /* NumberFactClient.swift in Sources */ = {isa = PBXBuildFile; fileRef = D4A9EA952AB2FEB2008BA8A5 /* NumberFactClient.swift */; };
/* End PBXBuildFile section */

/* Begin PBXContainerItemProxy section */
		D47FDEB42AB1E92200ECBEC5 /* PBXContainerItemProxy */ = {
			isa = PBXContainerItemProxy;
			containerPortal = D47FDE9B2AB1E92100ECBEC5 /* Project object */;
			proxyType = 1;
			remoteGlobalIDString = D47FDEA22AB1E92100ECBEC5;
			remoteInfo = "TCA-Sample";
		};
		D47FDEBE2AB1E92200ECBEC5 /* PBXContainerItemProxy */ = {
			isa = PBXContainerItemProxy;
			containerPortal = D47FDE9B2AB1E92100ECBEC5 /* Project object */;
			proxyType = 1;
			remoteGlobalIDString = D47FDEA22AB1E92100ECBEC5;
			remoteInfo = "TCA-Sample";
		};
/* End PBXContainerItemProxy section */

/* Begin PBXFileReference section */
		D47FDEA32AB1E92100ECBEC5 /* TCA-Sample.app */ = {isa = PBXFileReference; explicitFileType = wrapper.application; includeInIndex = 0; path = "TCA-Sample.app"; sourceTree = BUILT_PRODUCTS_DIR; };
		D47FDEA62AB1E92100ECBEC5 /* TCA_SampleApp.swift */ = {isa = PBXFileReference; lastKnownFileType = sourcecode.swift; path = TCA_SampleApp.swift; sourceTree = "<group>"; };
		D47FDEAA2AB1E92200ECBEC5 /* Assets.xcassets */ = {isa = PBXFileReference; lastKnownFileType = folder.assetcatalog; path = Assets.xcassets; sourceTree = "<group>"; };
		D47FDEAD2AB1E92200ECBEC5 /* Preview Assets.xcassets */ = {isa = PBXFileReference; lastKnownFileType = folder.assetcatalog; path = "Preview Assets.xcassets"; sourceTree = "<group>"; };
		D47FDEB32AB1E92200ECBEC5 /* TCA-SampleTests.xctest */ = {isa = PBXFileReference; explicitFileType = wrapper.cfbundle; includeInIndex = 0; path = "TCA-SampleTests.xctest"; sourceTree = BUILT_PRODUCTS_DIR; };
		D47FDEB72AB1E92200ECBEC5 /* TCA_SampleTests.swift */ = {isa = PBXFileReference; lastKnownFileType = sourcecode.swift; path = TCA_SampleTests.swift; sourceTree = "<group>"; };
		D47FDEBD2AB1E92200ECBEC5 /* TCA-SampleUITests.xctest */ = {isa = PBXFileReference; explicitFileType = wrapper.cfbundle; includeInIndex = 0; path = "TCA-SampleUITests.xctest"; sourceTree = BUILT_PRODUCTS_DIR; };
		D47FDEC12AB1E92200ECBEC5 /* TCA_SampleUITests.swift */ = {isa = PBXFileReference; lastKnownFileType = sourcecode.swift; path = TCA_SampleUITests.swift; sourceTree = "<group>"; };
		D47FDEC32AB1E92200ECBEC5 /* TCA_SampleUITestsLaunchTests.swift */ = {isa = PBXFileReference; lastKnownFileType = sourcecode.swift; path = TCA_SampleUITestsLaunchTests.swift; sourceTree = "<group>"; };
		D47FDED32AB1E9CE00ECBEC5 /* CounterFeature.swift */ = {isa = PBXFileReference; lastKnownFileType = sourcecode.swift; path = CounterFeature.swift; sourceTree = "<group>"; };
		D47FDED52AB1EAE100ECBEC5 /* CounterView.swift */ = {isa = PBXFileReference; lastKnownFileType = sourcecode.swift; path = CounterView.swift; sourceTree = "<group>"; };
		D47FDED72AB1F4FC00ECBEC5 /* Info.plist */ = {isa = PBXFileReference; lastKnownFileType = text.plist; path = Info.plist; sourceTree = "<group>"; };
		D47FDED82AB2DE6000ECBEC5 /* CounterFeatureTests.swift */ = {isa = PBXFileReference; lastKnownFileType = sourcecode.swift; path = CounterFeatureTests.swift; sourceTree = "<group>"; };
		D4A9EA952AB2FEB2008BA8A5 /* NumberFactClient.swift */ = {isa = PBXFileReference; lastKnownFileType = sourcecode.swift; path = NumberFactClient.swift; sourceTree = "<group>"; };
/* End PBXFileReference section */

/* Begin PBXFrameworksBuildPhase section */
		D47FDEA02AB1E92100ECBEC5 /* Frameworks */ = {
			isa = PBXFrameworksBuildPhase;
			buildActionMask = 2147483647;
			files = (
				D47FDED22AB1E93A00ECBEC5 /* ComposableArchitecture in Frameworks */,
			);
			runOnlyForDeploymentPostprocessing = 0;
		};
		D47FDEB02AB1E92200ECBEC5 /* Frameworks */ = {
			isa = PBXFrameworksBuildPhase;
			buildActionMask = 2147483647;
			files = (
			);
			runOnlyForDeploymentPostprocessing = 0;
		};
		D47FDEBA2AB1E92200ECBEC5 /* Frameworks */ = {
			isa = PBXFrameworksBuildPhase;
			buildActionMask = 2147483647;
			files = (
			);
			runOnlyForDeploymentPostprocessing = 0;
		};
/* End PBXFrameworksBuildPhase section */

/* Begin PBXGroup section */
		D47FDE9A2AB1E92100ECBEC5 = {
			isa = PBXGroup;
			children = (
				D47FDEA52AB1E92100ECBEC5 /* TCA-Sample */,
				D47FDEB62AB1E92200ECBEC5 /* TCA-SampleTests */,
				D47FDEC02AB1E92200ECBEC5 /* TCA-SampleUITests */,
				D47FDEA42AB1E92100ECBEC5 /* Products */,
			);
			sourceTree = "<group>";
		};
		D47FDEA42AB1E92100ECBEC5 /* Products */ = {
			isa = PBXGroup;
			children = (
				D47FDEA32AB1E92100ECBEC5 /* TCA-Sample.app */,
				D47FDEB32AB1E92200ECBEC5 /* TCA-SampleTests.xctest */,
				D47FDEBD2AB1E92200ECBEC5 /* TCA-SampleUITests.xctest */,
			);
			name = Products;
			sourceTree = "<group>";
		};
		D47FDEA52AB1E92100ECBEC5 /* TCA-Sample */ = {
			isa = PBXGroup;
			children = (
				D47FDED72AB1F4FC00ECBEC5 /* Info.plist */,
				D47FDEA62AB1E92100ECBEC5 /* TCA_SampleApp.swift */,
				D47FDED52AB1EAE100ECBEC5 /* CounterView.swift */,
				D47FDED32AB1E9CE00ECBEC5 /* CounterFeature.swift */,
				D47FDEAA2AB1E92200ECBEC5 /* Assets.xcassets */,
				D47FDEAC2AB1E92200ECBEC5 /* Preview Content */,
				D4A9EA952AB2FEB2008BA8A5 /* NumberFactClient.swift */,
			);
			path = "TCA-Sample";
			sourceTree = "<group>";
		};
		D47FDEAC2AB1E92200ECBEC5 /* Preview Content */ = {
			isa = PBXGroup;
			children = (
				D47FDEAD2AB1E92200ECBEC5 /* Preview Assets.xcassets */,
			);
			path = "Preview Content";
			sourceTree = "<group>";
		};
		D47FDEB62AB1E92200ECBEC5 /* TCA-SampleTests */ = {
			isa = PBXGroup;
			children = (
				D47FDEB72AB1E92200ECBEC5 /* TCA_SampleTests.swift */,
				D47FDED82AB2DE6000ECBEC5 /* CounterFeatureTests.swift */,
			);
			path = "TCA-SampleTests";
			sourceTree = "<group>";
		};
		D47FDEC02AB1E92200ECBEC5 /* TCA-SampleUITests */ = {
			isa = PBXGroup;
			children = (
				D47FDEC12AB1E92200ECBEC5 /* TCA_SampleUITests.swift */,
				D47FDEC32AB1E92200ECBEC5 /* TCA_SampleUITestsLaunchTests.swift */,
			);
			path = "TCA-SampleUITests";
			sourceTree = "<group>";
		};
/* End PBXGroup section */

/* Begin PBXNativeTarget section */
		D47FDEA22AB1E92100ECBEC5 /* TCA-Sample */ = {
			isa = PBXNativeTarget;
			buildConfigurationList = D47FDEC72AB1E92200ECBEC5 /* Build configuration list for PBXNativeTarget "TCA-Sample" */;
			buildPhases = (
				D47FDE9F2AB1E92100ECBEC5 /* Sources */,
				D47FDEA02AB1E92100ECBEC5 /* Frameworks */,
				D47FDEA12AB1E92100ECBEC5 /* Resources */,
			);
			buildRules = (
			);
			dependencies = (
			);
			name = "TCA-Sample";
			packageProductDependencies = (
				D47FDED12AB1E93A00ECBEC5 /* ComposableArchitecture */,
			);
			productName = "TCA-Sample";
			productReference = D47FDEA32AB1E92100ECBEC5 /* TCA-Sample.app */;
			productType = "com.apple.product-type.application";
		};
		D47FDEB22AB1E92200ECBEC5 /* TCA-SampleTests */ = {
			isa = PBXNativeTarget;
			buildConfigurationList = D47FDECA2AB1E92200ECBEC5 /* Build configuration list for PBXNativeTarget "TCA-SampleTests" */;
			buildPhases = (
				D47FDEAF2AB1E92200ECBEC5 /* Sources */,
				D47FDEB02AB1E92200ECBEC5 /* Frameworks */,
				D47FDEB12AB1E92200ECBEC5 /* Resources */,
			);
			buildRules = (
			);
			dependencies = (
				D47FDEB52AB1E92200ECBEC5 /* PBXTargetDependency */,
			);
			name = "TCA-SampleTests";
			productName = "TCA-SampleTests";
			productReference = D47FDEB32AB1E92200ECBEC5 /* TCA-SampleTests.xctest */;
			productType = "com.apple.product-type.bundle.unit-test";
		};
		D47FDEBC2AB1E92200ECBEC5 /* TCA-SampleUITests */ = {
			isa = PBXNativeTarget;
			buildConfigurationList = D47FDECD2AB1E92200ECBEC5 /* Build configuration list for PBXNativeTarget "TCA-SampleUITests" */;
			buildPhases = (
				D47FDEB92AB1E92200ECBEC5 /* Sources */,
				D47FDEBA2AB1E92200ECBEC5 /* Frameworks */,
				D47FDEBB2AB1E92200ECBEC5 /* Resources */,
			);
			buildRules = (
			);
			dependencies = (
				D47FDEBF2AB1E92200ECBEC5 /* PBXTargetDependency */,
			);
			name = "TCA-SampleUITests";
			productName = "TCA-SampleUITests";
			productReference = D47FDEBD2AB1E92200ECBEC5 /* TCA-SampleUITests.xctest */;
			productType = "com.apple.product-type.bundle.ui-testing";
		};
/* End PBXNativeTarget section */

/* Begin PBXProject section */
		D47FDE9B2AB1E92100ECBEC5 /* Project object */ = {
			isa = PBXProject;
			attributes = {
				BuildIndependentTargetsInParallel = 1;
				LastSwiftUpdateCheck = 1500;
				LastUpgradeCheck = 1500;
				TargetAttributes = {
					D47FDEA22AB1E92100ECBEC5 = {
						CreatedOnToolsVersion = 15.0;
					};
					D47FDEB22AB1E92200ECBEC5 = {
						CreatedOnToolsVersion = 15.0;
						TestTargetID = D47FDEA22AB1E92100ECBEC5;
					};
					D47FDEBC2AB1E92200ECBEC5 = {
						CreatedOnToolsVersion = 15.0;
						TestTargetID = D47FDEA22AB1E92100ECBEC5;
					};
				};
			};
			buildConfigurationList = D47FDE9E2AB1E92100ECBEC5 /* Build configuration list for PBXProject "TCA-Sample" */;
			compatibilityVersion = "Xcode 14.0";
			developmentRegion = en;
			hasScannedForEncodings = 0;
			knownRegions = (
				en,
				Base,
			);
			mainGroup = D47FDE9A2AB1E92100ECBEC5;
			packageReferences = (
				D47FDED02AB1E93A00ECBEC5 /* XCRemoteSwiftPackageReference "swift-composable-architecture" */,
			);
			productRefGroup = D47FDEA42AB1E92100ECBEC5 /* Products */;
			projectDirPath = "";
			projectRoot = "";
			targets = (
				D47FDEA22AB1E92100ECBEC5 /* TCA-Sample */,
				D47FDEB22AB1E92200ECBEC5 /* TCA-SampleTests */,
				D47FDEBC2AB1E92200ECBEC5 /* TCA-SampleUITests */,
			);
		};
/* End PBXProject section */

/* Begin PBXResourcesBuildPhase section */
		D47FDEA12AB1E92100ECBEC5 /* Resources */ = {
			isa = PBXResourcesBuildPhase;
			buildActionMask = 2147483647;
			files = (
				D47FDEAE2AB1E92200ECBEC5 /* Preview Assets.xcassets in Resources */,
				D47FDEAB2AB1E92200ECBEC5 /* Assets.xcassets in Resources */,
			);
			runOnlyForDeploymentPostprocessing = 0;
		};
		D47FDEB12AB1E92200ECBEC5 /* Resources */ = {
			isa = PBXResourcesBuildPhase;
			buildActionMask = 2147483647;
			files = (
			);
			runOnlyForDeploymentPostprocessing = 0;
		};
		D47FDEBB2AB1E92200ECBEC5 /* Resources */ = {
			isa = PBXResourcesBuildPhase;
			buildActionMask = 2147483647;
			files = (
			);
			runOnlyForDeploymentPostprocessing = 0;
		};
/* End PBXResourcesBuildPhase section */

/* Begin PBXSourcesBuildPhase section */
		D47FDE9F2AB1E92100ECBEC5 /* Sources */ = {
			isa = PBXSourcesBuildPhase;
			buildActionMask = 2147483647;
			files = (
				D47FDED42AB1E9CE00ECBEC5 /* CounterFeature.swift in Sources */,
				D47FDEA72AB1E92100ECBEC5 /* TCA_SampleApp.swift in Sources */,
				D47FDED62AB1EAE100ECBEC5 /* CounterView.swift in Sources */,
				D4A9EA962AB2FEB2008BA8A5 /* NumberFactClient.swift in Sources */,
			);
			runOnlyForDeploymentPostprocessing = 0;
		};
		D47FDEAF2AB1E92200ECBEC5 /* Sources */ = {
			isa = PBXSourcesBuildPhase;
			buildActionMask = 2147483647;
			files = (
				D47FDEB82AB1E92200ECBEC5 /* TCA_SampleTests.swift in Sources */,
				D47FDED92AB2DE6000ECBEC5 /* CounterFeatureTests.swift in Sources */,
			);
			runOnlyForDeploymentPostprocessing = 0;
		};
		D47FDEB92AB1E92200ECBEC5 /* Sources */ = {
			isa = PBXSourcesBuildPhase;
			buildActionMask = 2147483647;
			files = (
				D47FDEC22AB1E92200ECBEC5 /* TCA_SampleUITests.swift in Sources */,
				D47FDEC42AB1E92200ECBEC5 /* TCA_SampleUITestsLaunchTests.swift in Sources */,
			);
			runOnlyForDeploymentPostprocessing = 0;
		};
/* End PBXSourcesBuildPhase section */

/* Begin PBXTargetDependency section */
		D47FDEB52AB1E92200ECBEC5 /* PBXTargetDependency */ = {
			isa = PBXTargetDependency;
			target = D47FDEA22AB1E92100ECBEC5 /* TCA-Sample */;
			targetProxy = D47FDEB42AB1E92200ECBEC5 /* PBXContainerItemProxy */;
		};
		D47FDEBF2AB1E92200ECBEC5 /* PBXTargetDependency */ = {
			isa = PBXTargetDependency;
			target = D47FDEA22AB1E92100ECBEC5 /* TCA-Sample */;
			targetProxy = D47FDEBE2AB1E92200ECBEC5 /* PBXContainerItemProxy */;
		};
/* End PBXTargetDependency section */

/* Begin XCBuildConfiguration section */
		D47FDEC52AB1E92200ECBEC5 /* Debug */ = {
			isa = XCBuildConfiguration;
			buildSettings = {
				ALWAYS_SEARCH_USER_PATHS = NO;
				ASSETCATALOG_COMPILER_GENERATE_SWIFT_ASSET_SYMBOL_EXTENSIONS = YES;
				CLANG_ANALYZER_NONNULL = YES;
				CLANG_ANALYZER_NUMBER_OBJECT_CONVERSION = YES_AGGRESSIVE;
				CLANG_CXX_LANGUAGE_STANDARD = "gnu++20";
				CLANG_ENABLE_MODULES = YES;
				CLANG_ENABLE_OBJC_ARC = YES;
				CLANG_ENABLE_OBJC_WEAK = YES;
				CLANG_WARN_BLOCK_CAPTURE_AUTORELEASING = YES;
				CLANG_WARN_BOOL_CONVERSION = YES;
				CLANG_WARN_COMMA = YES;
				CLANG_WARN_CONSTANT_CONVERSION = YES;
				CLANG_WARN_DEPRECATED_OBJC_IMPLEMENTATIONS = YES;
				CLANG_WARN_DIRECT_OBJC_ISA_USAGE = YES_ERROR;
				CLANG_WARN_DOCUMENTATION_COMMENTS = YES;
				CLANG_WARN_EMPTY_BODY = YES;
				CLANG_WARN_ENUM_CONVERSION = YES;
				CLANG_WARN_INFINITE_RECURSION = YES;
				CLANG_WARN_INT_CONVERSION = YES;
				CLANG_WARN_NON_LITERAL_NULL_CONVERSION = YES;
				CLANG_WARN_OBJC_IMPLICIT_RETAIN_SELF = YES;
				CLANG_WARN_OBJC_LITERAL_CONVERSION = YES;
				CLANG_WARN_OBJC_ROOT_CLASS = YES_ERROR;
				CLANG_WARN_QUOTED_INCLUDE_IN_FRAMEWORK_HEADER = YES;
				CLANG_WARN_RANGE_LOOP_ANALYSIS = YES;
				CLANG_WARN_STRICT_PROTOTYPES = YES;
				CLANG_WARN_SUSPICIOUS_MOVE = YES;
				CLANG_WARN_UNGUARDED_AVAILABILITY = YES_AGGRESSIVE;
				CLANG_WARN_UNREACHABLE_CODE = YES;
				CLANG_WARN__DUPLICATE_METHOD_MATCH = YES;
				COPY_PHASE_STRIP = NO;
				DEBUG_INFORMATION_FORMAT = dwarf;
				ENABLE_STRICT_OBJC_MSGSEND = YES;
				ENABLE_TESTABILITY = YES;
				ENABLE_USER_SCRIPT_SANDBOXING = YES;
				GCC_C_LANGUAGE_STANDARD = gnu17;
				GCC_DYNAMIC_NO_PIC = NO;
				GCC_NO_COMMON_BLOCKS = YES;
				GCC_OPTIMIZATION_LEVEL = 0;
				GCC_PREPROCESSOR_DEFINITIONS = (
					"DEBUG=1",
					"$(inherited)",
				);
				GCC_WARN_64_TO_32_BIT_CONVERSION = YES;
				GCC_WARN_ABOUT_RETURN_TYPE = YES_ERROR;
				GCC_WARN_UNDECLARED_SELECTOR = YES;
				GCC_WARN_UNINITIALIZED_AUTOS = YES_AGGRESSIVE;
				GCC_WARN_UNUSED_FUNCTION = YES;
				GCC_WARN_UNUSED_VARIABLE = YES;
				IPHONEOS_DEPLOYMENT_TARGET = 17.0;
				LOCALIZATION_PREFERS_STRING_CATALOGS = YES;
				MTL_ENABLE_DEBUG_INFO = INCLUDE_SOURCE;
				MTL_FAST_MATH = YES;
				ONLY_ACTIVE_ARCH = YES;
				SDKROOT = iphoneos;
				SWIFT_ACTIVE_COMPILATION_CONDITIONS = "DEBUG $(inherited)";
				SWIFT_OPTIMIZATION_LEVEL = "-Onone";
			};
			name = Debug;
		};
		D47FDEC62AB1E92200ECBEC5 /* Release */ = {
			isa = XCBuildConfiguration;
			buildSettings = {
				ALWAYS_SEARCH_USER_PATHS = NO;
				ASSETCATALOG_COMPILER_GENERATE_SWIFT_ASSET_SYMBOL_EXTENSIONS = YES;
				CLANG_ANALYZER_NONNULL = YES;
				CLANG_ANALYZER_NUMBER_OBJECT_CONVERSION = YES_AGGRESSIVE;
				CLANG_CXX_LANGUAGE_STANDARD = "gnu++20";
				CLANG_ENABLE_MODULES = YES;
				CLANG_ENABLE_OBJC_ARC = YES;
				CLANG_ENABLE_OBJC_WEAK = YES;
				CLANG_WARN_BLOCK_CAPTURE_AUTORELEASING = YES;
				CLANG_WARN_BOOL_CONVERSION = YES;
				CLANG_WARN_COMMA = YES;
				CLANG_WARN_CONSTANT_CONVERSION = YES;
				CLANG_WARN_DEPRECATED_OBJC_IMPLEMENTATIONS = YES;
				CLANG_WARN_DIRECT_OBJC_ISA_USAGE = YES_ERROR;
				CLANG_WARN_DOCUMENTATION_COMMENTS = YES;
				CLANG_WARN_EMPTY_BODY = YES;
				CLANG_WARN_ENUM_CONVERSION = YES;
				CLANG_WARN_INFINITE_RECURSION = YES;
				CLANG_WARN_INT_CONVERSION = YES;
				CLANG_WARN_NON_LITERAL_NULL_CONVERSION = YES;
				CLANG_WARN_OBJC_IMPLICIT_RETAIN_SELF = YES;
				CLANG_WARN_OBJC_LITERAL_CONVERSION = YES;
				CLANG_WARN_OBJC_ROOT_CLASS = YES_ERROR;
				CLANG_WARN_QUOTED_INCLUDE_IN_FRAMEWORK_HEADER = YES;
				CLANG_WARN_RANGE_LOOP_ANALYSIS = YES;
				CLANG_WARN_STRICT_PROTOTYPES = YES;
				CLANG_WARN_SUSPICIOUS_MOVE = YES;
				CLANG_WARN_UNGUARDED_AVAILABILITY = YES_AGGRESSIVE;
				CLANG_WARN_UNREACHABLE_CODE = YES;
				CLANG_WARN__DUPLICATE_METHOD_MATCH = YES;
				COPY_PHASE_STRIP = NO;
				DEBUG_INFORMATION_FORMAT = "dwarf-with-dsym";
				ENABLE_NS_ASSERTIONS = NO;
				ENABLE_STRICT_OBJC_MSGSEND = YES;
				ENABLE_USER_SCRIPT_SANDBOXING = YES;
				GCC_C_LANGUAGE_STANDARD = gnu17;
				GCC_NO_COMMON_BLOCKS = YES;
				GCC_WARN_64_TO_32_BIT_CONVERSION = YES;
				GCC_WARN_ABOUT_RETURN_TYPE = YES_ERROR;
				GCC_WARN_UNDECLARED_SELECTOR = YES;
				GCC_WARN_UNINITIALIZED_AUTOS = YES_AGGRESSIVE;
				GCC_WARN_UNUSED_FUNCTION = YES;
				GCC_WARN_UNUSED_VARIABLE = YES;
				IPHONEOS_DEPLOYMENT_TARGET = 17.0;
				LOCALIZATION_PREFERS_STRING_CATALOGS = YES;
				MTL_ENABLE_DEBUG_INFO = NO;
				MTL_FAST_MATH = YES;
				SDKROOT = iphoneos;
				SWIFT_COMPILATION_MODE = wholemodule;
				VALIDATE_PRODUCT = YES;
			};
			name = Release;
		};
		D47FDEC82AB1E92200ECBEC5 /* Debug */ = {
			isa = XCBuildConfiguration;
			buildSettings = {
				ASSETCATALOG_COMPILER_APPICON_NAME = AppIcon;
				ASSETCATALOG_COMPILER_GLOBAL_ACCENT_COLOR_NAME = AccentColor;
				CODE_SIGN_STYLE = Automatic;
				CURRENT_PROJECT_VERSION = 1;
				DEVELOPMENT_ASSET_PATHS = "\"TCA-Sample/Preview Content\"";
				DEVELOPMENT_TEAM = KHHVW76XCB;
				ENABLE_PREVIEWS = YES;
				GENERATE_INFOPLIST_FILE = YES;
				INFOPLIST_FILE = "TCA-Sample/Info.plist";
				INFOPLIST_KEY_UIApplicationSceneManifest_Generation = YES;
				INFOPLIST_KEY_UIApplicationSupportsIndirectInputEvents = YES;
				INFOPLIST_KEY_UILaunchScreen_Generation = YES;
				INFOPLIST_KEY_UISupportedInterfaceOrientations_iPad = "UIInterfaceOrientationPortrait UIInterfaceOrientationPortraitUpsideDown UIInterfaceOrientationLandscapeLeft UIInterfaceOrientationLandscapeRight";
				INFOPLIST_KEY_UISupportedInterfaceOrientations_iPhone = "UIInterfaceOrientationPortrait UIInterfaceOrientationLandscapeLeft UIInterfaceOrientationLandscapeRight";
				LD_RUNPATH_SEARCH_PATHS = (
					"$(inherited)",
					"@executable_path/Frameworks",
				);
				MARKETING_VERSION = 1.0;
				PRODUCT_BUNDLE_IDENTIFIER = "jp.co.yahoo.enterprise.training.TCA-Sample";
				PRODUCT_NAME = "$(TARGET_NAME)";
				SWIFT_EMIT_LOC_STRINGS = YES;
				SWIFT_VERSION = 5.0;
				TARGETED_DEVICE_FAMILY = "1,2";
			};
			name = Debug;
		};
		D47FDEC92AB1E92200ECBEC5 /* Release */ = {
			isa = XCBuildConfiguration;
			buildSettings = {
				ASSETCATALOG_COMPILER_APPICON_NAME = AppIcon;
				ASSETCATALOG_COMPILER_GLOBAL_ACCENT_COLOR_NAME = AccentColor;
				CODE_SIGN_STYLE = Automatic;
				CURRENT_PROJECT_VERSION = 1;
				DEVELOPMENT_ASSET_PATHS = "\"TCA-Sample/Preview Content\"";
				DEVELOPMENT_TEAM = KHHVW76XCB;
				ENABLE_PREVIEWS = YES;
				GENERATE_INFOPLIST_FILE = YES;
				INFOPLIST_FILE = "TCA-Sample/Info.plist";
				INFOPLIST_KEY_UIApplicationSceneManifest_Generation = YES;
				INFOPLIST_KEY_UIApplicationSupportsIndirectInputEvents = YES;
				INFOPLIST_KEY_UILaunchScreen_Generation = YES;
				INFOPLIST_KEY_UISupportedInterfaceOrientations_iPad = "UIInterfaceOrientationPortrait UIInterfaceOrientationPortraitUpsideDown UIInterfaceOrientationLandscapeLeft UIInterfaceOrientationLandscapeRight";
				INFOPLIST_KEY_UISupportedInterfaceOrientations_iPhone = "UIInterfaceOrientationPortrait UIInterfaceOrientationLandscapeLeft UIInterfaceOrientationLandscapeRight";
				LD_RUNPATH_SEARCH_PATHS = (
					"$(inherited)",
					"@executable_path/Frameworks",
				);
				MARKETING_VERSION = 1.0;
				PRODUCT_BUNDLE_IDENTIFIER = "jp.co.yahoo.enterprise.training.TCA-Sample";
				PRODUCT_NAME = "$(TARGET_NAME)";
				SWIFT_EMIT_LOC_STRINGS = YES;
				SWIFT_VERSION = 5.0;
				TARGETED_DEVICE_FAMILY = "1,2";
			};
			name = Release;
		};
		D47FDECB2AB1E92200ECBEC5 /* Debug */ = {
			isa = XCBuildConfiguration;
			buildSettings = {
				ALWAYS_EMBED_SWIFT_STANDARD_LIBRARIES = YES;
				BUNDLE_LOADER = "$(TEST_HOST)";
				CODE_SIGN_STYLE = Automatic;
				CURRENT_PROJECT_VERSION = 1;
				DEVELOPMENT_TEAM = KHHVW76XCB;
				GENERATE_INFOPLIST_FILE = YES;
				IPHONEOS_DEPLOYMENT_TARGET = 17.0;
				MARKETING_VERSION = 1.0;
				PRODUCT_BUNDLE_IDENTIFIER = "jp.co.yahoo.enterprise.training.TCA-SampleTests";
				PRODUCT_NAME = "$(TARGET_NAME)";
				SWIFT_EMIT_LOC_STRINGS = NO;
				SWIFT_VERSION = 5.0;
				TARGETED_DEVICE_FAMILY = "1,2";
				TEST_HOST = "$(BUILT_PRODUCTS_DIR)/TCA-Sample.app/$(BUNDLE_EXECUTABLE_FOLDER_PATH)/TCA-Sample";
			};
			name = Debug;
		};
		D47FDECC2AB1E92200ECBEC5 /* Release */ = {
			isa = XCBuildConfiguration;
			buildSettings = {
				ALWAYS_EMBED_SWIFT_STANDARD_LIBRARIES = YES;
				BUNDLE_LOADER = "$(TEST_HOST)";
				CODE_SIGN_STYLE = Automatic;
				CURRENT_PROJECT_VERSION = 1;
				DEVELOPMENT_TEAM = KHHVW76XCB;
				GENERATE_INFOPLIST_FILE = YES;
				IPHONEOS_DEPLOYMENT_TARGET = 17.0;
				MARKETING_VERSION = 1.0;
				PRODUCT_BUNDLE_IDENTIFIER = "jp.co.yahoo.enterprise.training.TCA-SampleTests";
				PRODUCT_NAME = "$(TARGET_NAME)";
				SWIFT_EMIT_LOC_STRINGS = NO;
				SWIFT_VERSION = 5.0;
				TARGETED_DEVICE_FAMILY = "1,2";
				TEST_HOST = "$(BUILT_PRODUCTS_DIR)/TCA-Sample.app/$(BUNDLE_EXECUTABLE_FOLDER_PATH)/TCA-Sample";
			};
			name = Release;
		};
		D47FDECE2AB1E92200ECBEC5 /* Debug */ = {
			isa = XCBuildConfiguration;
			buildSettings = {
				ALWAYS_EMBED_SWIFT_STANDARD_LIBRARIES = YES;
				CODE_SIGN_STYLE = Automatic;
				CURRENT_PROJECT_VERSION = 1;
				DEVELOPMENT_TEAM = KHHVW76XCB;
				GENERATE_INFOPLIST_FILE = YES;
				MARKETING_VERSION = 1.0;
				PRODUCT_BUNDLE_IDENTIFIER = "jp.co.yahoo.enterprise.training.TCA-SampleUITests";
				PRODUCT_NAME = "$(TARGET_NAME)";
				SWIFT_EMIT_LOC_STRINGS = NO;
				SWIFT_VERSION = 5.0;
				TARGETED_DEVICE_FAMILY = "1,2";
				TEST_TARGET_NAME = "TCA-Sample";
			};
			name = Debug;
		};
		D47FDECF2AB1E92200ECBEC5 /* Release */ = {
			isa = XCBuildConfiguration;
			buildSettings = {
				ALWAYS_EMBED_SWIFT_STANDARD_LIBRARIES = YES;
				CODE_SIGN_STYLE = Automatic;
				CURRENT_PROJECT_VERSION = 1;
				DEVELOPMENT_TEAM = KHHVW76XCB;
				GENERATE_INFOPLIST_FILE = YES;
				MARKETING_VERSION = 1.0;
				PRODUCT_BUNDLE_IDENTIFIER = "jp.co.yahoo.enterprise.training.TCA-SampleUITests";
				PRODUCT_NAME = "$(TARGET_NAME)";
				SWIFT_EMIT_LOC_STRINGS = NO;
				SWIFT_VERSION = 5.0;
				TARGETED_DEVICE_FAMILY = "1,2";
				TEST_TARGET_NAME = "TCA-Sample";
			};
			name = Release;
		};
/* End XCBuildConfiguration section */

/* Begin XCConfigurationList section */
		D47FDE9E2AB1E92100ECBEC5 /* Build configuration list for PBXProject "TCA-Sample" */ = {
			isa = XCConfigurationList;
			buildConfigurations = (
				D47FDEC52AB1E92200ECBEC5 /* Debug */,
				D47FDEC62AB1E92200ECBEC5 /* Release */,
			);
			defaultConfigurationIsVisible = 0;
			defaultConfigurationName = Release;
		};
		D47FDEC72AB1E92200ECBEC5 /* Build configuration list for PBXNativeTarget "TCA-Sample" */ = {
			isa = XCConfigurationList;
			buildConfigurations = (
				D47FDEC82AB1E92200ECBEC5 /* Debug */,
				D47FDEC92AB1E92200ECBEC5 /* Release */,
			);
			defaultConfigurationIsVisible = 0;
			defaultConfigurationName = Release;
		};
		D47FDECA2AB1E92200ECBEC5 /* Build configuration list for PBXNativeTarget "TCA-SampleTests" */ = {
			isa = XCConfigurationList;
			buildConfigurations = (
				D47FDECB2AB1E92200ECBEC5 /* Debug */,
				D47FDECC2AB1E92200ECBEC5 /* Release */,
			);
			defaultConfigurationIsVisible = 0;
			defaultConfigurationName = Release;
		};
		D47FDECD2AB1E92200ECBEC5 /* Build configuration list for PBXNativeTarget "TCA-SampleUITests" */ = {
			isa = XCConfigurationList;
			buildConfigurations = (
				D47FDECE2AB1E92200ECBEC5 /* Debug */,
				D47FDECF2AB1E92200ECBEC5 /* Release */,
			);
			defaultConfigurationIsVisible = 0;
			defaultConfigurationName = Release;
		};
/* End XCConfigurationList section */

/* Begin XCRemoteSwiftPackageReference section */
		D47FDED02AB1E93A00ECBEC5 /* XCRemoteSwiftPackageReference "swift-composable-architecture" */ = {
			isa = XCRemoteSwiftPackageReference;
			repositoryURL = "https://github.com/pointfreeco/swift-composable-architecture.git";
			requirement = {
				kind = upToNextMajorVersion;
				minimumVersion = 1.2.0;
			};
		};
/* End XCRemoteSwiftPackageReference section */

/* Begin XCSwiftPackageProductDependency section */
		D47FDED12AB1E93A00ECBEC5 /* ComposableArchitecture */ = {
			isa = XCSwiftPackageProductDependency;
			package = D47FDED02AB1E93A00ECBEC5 /* XCRemoteSwiftPackageReference "swift-composable-architecture" */;
			productName = ComposableArchitecture;
		};
/* End XCSwiftPackageProductDependency section */
	};
	rootObject = D47FDE9B2AB1E92100ECBEC5 /* Project object */;
}
